
Microsoft Visual Studio Solution File, Format Version 12.00
# Visual Studio 15
VisualStudioVersion = 15.0.26730.16
MinimumVisualStudioVersion = 10.0.40219.1
Project("{FAE04EC0-301F-11D3-BF4B-00C04F79EFBC}") = "AdCenter", "AdCenter\AdCenter.csproj", "{927884F8-9173-4868-9F40-81A608448C23}"
EndProject
Global
	GlobalSection(SolutionConfigurationPlatforms) = preSolution
		Debug|Any CPU = Debug|Any CPU
		Release|Any CPU = Release|Any CPU
	EndGlobalSection
	GlobalSection(ProjectConfigurationPlatforms) = postSolution
		{927884F8-9173-4868-9F40-81A608448C23}.Debug|Any CPU.ActiveCfg = Debug|Any CPU
		{927884F8-9173-4868-9F40-81A608448C23}.Debug|Any CPU.Build.0 = Debug|Any CPU
		{927884F8-9173-4868-9F40-81A608448C23}.Release|Any CPU.ActiveCfg = Release|Any CPU
		{927884F8-9173-4868-9F40-81A608448C23}.Release|Any CPU.Build.0 = Release|Any CPU
	EndGlobalSection
	GlobalSection(SolutionProperties) = preSolution
		HideSolutionNode = FALSE
	EndGlobalSection
	GlobalSection(ExtensibilityGlobals) = postSolution
		SolutionGuid = {B03FCE0F-1793-45E1-8CAB-0CEEBE7B9C61}
	EndGlobalSection
EndGlobal
